
Microsoft Visual Studio Solution File, Format Version 12.00
# Visual Studio Version 17
VisualStudioVersion = 17.2.32630.192
MinimumVisualStudioVersion = 10.0.40219.1
Project("{FAE04EC0-301F-11D3-BF4B-00C04F79EFBC}") = "OrderWebApplication", "OrderWebApplication\OrderWebApplication.csproj", "{5F7B3417-F3D1-4196-881E-0A6848EDFD46}"
EndProject
Project("{FAE04EC0-301F-11D3-BF4B-00C04F79EFBC}") = "OrderWebApplication.Entity", "OrderWebApplication.Entity\OrderWebApplication.Entity.csproj", "{8D508B5A-188E-475D-A482-B1E1B80FBFCA}"
EndProject
Project("{FAE04EC0-301F-11D3-BF4B-00C04F79EFBC}") = "OrderWebApplication.Services", "OrderWebApplication.Services\OrderWebApplication.Services.csproj", "{5AB9AADE-A981-47A7-8509-65241B46A18B}"
EndProject
Global
	GlobalSection(SolutionConfigurationPlatforms) = preSolution
		Debug|Any CPU = Debug|Any CPU
		Release|Any CPU = Release|Any CPU
	EndGlobalSection
	GlobalSection(ProjectConfigurationPlatforms) = postSolution
		{5F7B3417-F3D1-4196-881E-0A6848EDFD46}.Debug|Any CPU.ActiveCfg = Debug|Any CPU
		{5F7B3417-F3D1-4196-881E-0A6848EDFD46}.Debug|Any CPU.Build.0 = Debug|Any CPU
		{5F7B3417-F3D1-4196-881E-0A6848EDFD46}.Release|Any CPU.ActiveCfg = Release|Any CPU
		{5F7B3417-F3D1-4196-881E-0A6848EDFD46}.Release|Any CPU.Build.0 = Release|Any CPU
		{8D508B5A-188E-475D-A482-B1E1B80FBFCA}.Debug|Any CPU.ActiveCfg = Debug|Any CPU
		{8D508B5A-188E-475D-A482-B1E1B80FBFCA}.Debug|Any CPU.Build.0 = Debug|Any CPU
		{8D508B5A-188E-475D-A482-B1E1B80FBFCA}.Release|Any CPU.ActiveCfg = Release|Any CPU
		{8D508B5A-188E-475D-A482-B1E1B80FBFCA}.Release|Any CPU.Build.0 = Release|Any CPU
		{5AB9AADE-A981-47A7-8509-65241B46A18B}.Debug|Any CPU.ActiveCfg = Debug|Any CPU
		{5AB9AADE-A981-47A7-8509-65241B46A18B}.Debug|Any CPU.Build.0 = Debug|Any CPU
		{5AB9AADE-A981-47A7-8509-65241B46A18B}.Release|Any CPU.ActiveCfg = Release|Any CPU
		{5AB9AADE-A981-47A7-8509-65241B46A18B}.Release|Any CPU.Build.0 = Release|Any CPU
	EndGlobalSection
	GlobalSection(SolutionProperties) = preSolution
		HideSolutionNode = FALSE
	EndGlobalSection
	GlobalSection(ExtensibilityGlobals) = postSolution
		SolutionGuid = {E4006372-C56D-4AC3-BA4B-560A57DA95CE}
	EndGlobalSection
EndGlobal
